
Microsoft Visual Studio Solution File, Format Version 12.00
# Visual Studio Version 17
VisualStudioVersion = 17.0.31903.59
MinimumVisualStudioVersion = 10.0.40219.1
Project("{FAE04EC0-301F-11D3-BF4B-00C04F79EFBC}") = "MeuPrograma", "MeuPrograma\MeuPrograma.csproj", "{694BD75A-5E52-42D2-BB68-016378A842A2}"
EndProject
Project("{FAE04EC0-301F-11D3-BF4B-00C04F79EFBC}") = "VariousTypes", "VariousTypes\VariousTypes.csproj", "{A0538CC7-A51F-498B-AC9A-D7A5BF3FA064}"
EndProject
Global
	GlobalSection(SolutionConfigurationPlatforms) = preSolution
		Debug|Any CPU = Debug|Any CPU
		Release|Any CPU = Release|Any CPU
	EndGlobalSection
	GlobalSection(SolutionProperties) = preSolution
		HideSolutionNode = FALSE
	EndGlobalSection
	GlobalSection(ProjectConfigurationPlatforms) = postSolution
		{694BD75A-5E52-42D2-BB68-016378A842A2}.Debug|Any CPU.ActiveCfg = Debug|Any CPU
		{694BD75A-5E52-42D2-BB68-016378A842A2}.Debug|Any CPU.Build.0 = Debug|Any CPU
		{694BD75A-5E52-42D2-BB68-016378A842A2}.Release|Any CPU.ActiveCfg = Release|Any CPU
		{694BD75A-5E52-42D2-BB68-016378A842A2}.Release|Any CPU.Build.0 = Release|Any CPU
		{A0538CC7-A51F-498B-AC9A-D7A5BF3FA064}.Debug|Any CPU.ActiveCfg = Debug|Any CPU
		{A0538CC7-A51F-498B-AC9A-D7A5BF3FA064}.Debug|Any CPU.Build.0 = Debug|Any CPU
		{A0538CC7-A51F-498B-AC9A-D7A5BF3FA064}.Release|Any CPU.ActiveCfg = Release|Any CPU
		{A0538CC7-A51F-498B-AC9A-D7A5BF3FA064}.Release|Any CPU.Build.0 = Release|Any CPU
	EndGlobalSection
EndGlobal
